lockfileVersion: '9.0'

settings:
  autoInstallPeers: true
  excludeLinksFromLockfile: false

importers:

  .:
    devDependencies:
      '@arethetypeswrong/core':
        specifier: ^0.18.4
        version: 0.18.4
      '@types/node':
        specifier: ^24.13.2
        version: 24.13.2
      prettier:
        specifier: ^3.9.1
        version: 3.9.1
      publint:
        specifier: ^0.3.21
        version: 0.3.21
      simple-git:
        specifier: ^3.36.0
        version: 3.36.0
      tsdown:
        specifier: ^0.22.3
        version: 0.22.3(@arethetypeswrong/core@0.18.4)(publint@0.3.21)(typescript@6.0.3)(unrun@0.2.39)
      typescript:
        specifier: ^6.0.3
        version: 6.0.3
      valibot:
        specifier: ^1.4.1
        version: 1.4.1(typescript@6.0.3)

packages:

  '@andrewbranch/untar.js@1.0.3':
    resolution: {integrity: sha512-Jh15/qVmrLGhkKJBdXlK1+9tY4lZruYjsgkDFj08ZmDiWVBLJcqkok7Z0/R0In+i1rScBpJlSvrTS2Lm41Pbnw==}

  '@arethetypeswrong/core@0.18.4':
    resolution: {integrity: sha512-M5F0ePyN6h2Z6XxRiyIPqjGbltotXLjR0CKA0uKspsDu0QmgTNYvRb4RSQPMUs2ZXZHCCYpbaZbFbYOXLxCjUA==}
    engines: {node: '>=20'}

  '@babel/generator@8.0.0':
    resolution: {integrity: sha512-NT9NrVwJsbSV6Y2FSstWa71EETOnzrjkL5/wX3D2mYHtKM+qvqB1DvR4D0Setb/gDBsHzRICifwEWMO8CnTF6g==}
    engines: {node: ^22.18.0 || >=24.11.0}

  '@babel/helper-string-parser@8.0.0':
    resolution: {integrity: sha512-6mJgmFFFIIO82vvoLt9XtRC7/TkzXfts1t/SpRX4IHSzMgqoPYCWesVu1udUPUWioAE/2fcG6WuI8zrkE1gwrg==}
    engines: {node: ^22.18.0 || >=24.11.0}

  '@babel/helper-validator-identifier@8.0.2':
    resolution: {integrity: sha512-9Fr9QeyCAyi1BR1jKZ6uYQ24EIhQUx5ReHfQU7drOE+TPOb+w11/dsqLkMOT2U29OdCT71XajrOT8xDc1C7orA==}
    engines: {node: ^22.18.0 || >=24.11.0}

  '@babel/parser@8.0.0':
    resolution: {integrity: sha512-aLxAE+imI9bCcyaPrUDjBv3uSkWieifjLe0kuFOZF0zli0L6GCsTmsePnTr55adbIAgYz2zhN1vnFimCBUYcRQ==}
    engines: {node: ^22.18.0 || >=24.11.0}
    hasBin: true

  '@babel/types@8.0.0':
    resolution: {integrity: sha512-K8ponJDxBwDHigkeFqaqT5wLGl4bTlwMafR8k7b5CPxr6Ww+UG9ls8Yx6Tcpboxu97eeGVEEyKcHmEyOwN1vSw==}
    engines: {node: ^22.18.0 || >=24.11.0}

  '@braidai/lang@1.1.2':
    resolution: {integrity: sha512-qBcknbBufNHlui137Hft8xauQMTZDKdophmLFv05r2eNmdIv/MlPuP4TdUknHG68UdWLgVZwgxVe735HzJNIwA==}

  '@emnapi/core@1.10.0':
    resolution: {integrity: sha512-yq6OkJ4p82CAfPl0u9mQebQHKPJkY7WrIuk205cTYnYe+k2Z8YBh11FrbRG/H6ihirqcacOgl2BIO8oyMQLeXw==}

  '@emnapi/core@1.11.1':
    resolution: {integrity: sha512-RSvbQmHzdKzNsLYa/wHrbc3KN4sYLKAdPZxqiM2HATqv/SBk2/ENSHpvXGaLOMcsAyz0poEGqkmmKYG3OWiJEQ==}

  '@emnapi/runtime@1.10.0':
    resolution: {integrity: sha512-ewvYlk86xUoGI0zQRNq/mC+16R1QeDlKQy21Ki3oSYXNgLb45GV1P6A0M+/s6nyCuNDqe5VpaY84BzXGwVbwFA==}

  '@emnapi/runtime@1.11.1':
    resolution: {integrity: sha512-vgj7R3y3Wgx24IQaGPA/R6YFXLHVMOZ0uVEyIQPaWs+rd1AzfEMXlAC22FYwO1XkKR6NPsq7mUandH8oIRdZFw==}

  '@emnapi/wasi-threads@1.2.1':
    resolution: {integrity: sha512-uTII7OYF+/Mes/MrcIOYp5yOtSMLBWSIoLPpcgwipoiKbli6k322tcoFsxoIIxPDqW01SQGAgko4EzZi2BNv2w==}

  '@emnapi/wasi-threads@1.2.2':
    resolution: {integrity: sha512-c95qOXkHdydNKhscBTebqEC1CVAZpyqOfVfBzQ1qgzyl3gfeldUjIggDbIZgDKsHLgnsM+igH7TJ/eAasaVuMA==}

  '@jridgewell/gen-mapping@0.3.13':
    resolution: {integrity: sha512-2kkt/7niJ6MgEPxF0bYdQ6etZaA+fQvDcLKckhy1yIQOzaoKjBBjSj63/aLVjYE3qhRt5dvM+uUyfCg6UKCBbA==}

  '@jridgewell/resolve-uri@3.1.2':
    resolution: {integrity: sha512-bRISgCIjP20/tbWSPWMEi54QVPRZExkuD9lJL+UIxUKtwVJA8wW1Trb1jMs1RFXo1CBTNZ/5hpC9QvmKWdopKw==}
    engines: {node: '>=6.0.0'}

  '@jridgewell/sourcemap-codec@1.5.5':
    resolution: {integrity: sha512-cYQ9310grqxueWbl+WuIUIaiUaDcj7WOq5fVhEljNVgRfOUhY9fy2zTvfoqWsnebh8Sl70VScFbICvJnLKB0Og==}

  '@jridgewell/trace-mapping@0.3.31':
    resolution: {integrity: sha512-zzNR+SdQSDJzc8joaeP8QQoCQr8NuYx2dIIytl1QeBEZHJ9uW6hebsrYgbz8hJwUQao3TWCMtmfV8Nu1twOLAw==}

  '@kwsites/file-exists@1.1.1':
    resolution: {integrity: sha512-m9/5YGR18lIwxSFDwfE3oA7bWuq9kdau6ugN4H2rJeyhFQZcG9AgSHkQtSD15a8WvTgfz9aikZMrKPHvbpqFiw==}

  '@kwsites/promise-deferred@1.1.1':
    resolution: {integrity: sha512-GaHYm+c0O9MjZRu0ongGBRbinu8gVAMd2UZjji6jVmqKtZluZnptXGWhz1E8j8D2HJ3f/yMxKAUC0b+57wncIw==}

  '@loaderkit/resolve@1.0.6':
    resolution: {integrity: sha512-G8FdIoF5CypfwmD9rl8BXod5HDn8JqB0CCNBXDTaRZ+yRYhARrrSToX1zg1zy9jX3zLqigsELwhT4gNtkdQAUg==}

  '@napi-rs/wasm-runtime@1.1.6':
    resolution: {integrity: sha512-ZLv/JdUfkvOy9eCnnBaGfiO+XimbjebAeO+MRQqD/B+FR1tnRN0tpKSJHRbE8sFfS6aqsXZ67TQjfwfsxULVbg==}
    peerDependencies:
      '@emnapi/core': ^1.7.1
      '@emnapi/runtime': ^1.7.1

  '@oxc-project/types@0.127.0':
    resolution: {integrity: sha512-aIYXQBo4lCbO4z0R3FHeucQHpF46l2LbMdxRvqvuRuW2OxdnSkcng5B8+K12spgLDj93rtN3+J2Vac/TIO+ciQ==}

  '@oxc-project/types@0.137.0':
    resolution: {integrity: sha512-WT+Gb24i8hmvo85AIv2oEYouEXkRlKAlT9WaCa3TfLgNCN+GhrJOGZuIlMouAh38Qe4QOx26eUOVsq70qXrywA==}

  '@publint/pack@0.1.5':
    resolution: {integrity: sha512-edgyN2pP07uXiP4tJs0s8KVmU8M8i60YPbbI0/WDeok1mIJHRXz+CgD8I0nelwDkoCh3EWL/G5kGfbuHjsdbvw==}
    engines: {node: '>=18'}

  '@quansync/fs@1.0.0':
    resolution: {integrity: sha512-4TJ3DFtlf1L5LDMaM6CanJ/0lckGNtJcMjQ1NAV6zDmA0tEHKZtxNKin8EgPaVX1YzljbxckyT2tJrpQKAtngQ==}

  '@rolldown/binding-android-arm64@1.0.0-rc.17':
    resolution: {integrity: sha512-s70pVGhw4zqGeFnXWvAzJDlvxhlRollagdCCKRgOsgUOH3N1l0LIxf83AtGzmb5SiVM4Hjl5HyarMRfdfj3DaQ==}
    engines: {node: ^20.19.0 || >=22.12.0}
    cpu: [arm64]
    os: [android]

  '@rolldown/binding-android-arm64@1.1.3':
    resolution: {integrity: sha512-DT6Z3PhvioeHMvxo+xHc3KtqggrI7CCTXCmC2h/5zUlp5jVitv7XEy+9q5/7v8IolhlioawpMo8Kg0EEBy7J0g==}
    engines: {node: ^20.19.0 || >=22.12.0}
    cpu: [arm64]
    os: [android]

  '@rolldown/binding-darwin-arm64@1.0.0-rc.17':
    resolution: {integrity: sha512-4ksWc9n0mhlZpZ9PMZgTGjeOPRu8MB1Z3Tz0Mo02eWfWCHMW1zN82Qz/pL/rC+yQa+8ZnutMF0JjJe7PjwasYw==}
    engines: {node: ^20.19.0 || >=22.12.0}
    cpu: [arm64]
    os: [darwin]

  '@rolldown/binding-darwin-arm64@1.1.3':
    resolution: {integrity: sha512-0NwgwsjM7LrsuVnXMK3koTpagBNOhloc/BNjKqZjv4V5zI5r13qx69uVhRx+o5Z0yy4Hzq+lpy7TAgUG/ocvrw==}
    engines: {node: ^20.19.0 || >=22.12.0}
    cpu: [arm64]
    os: [darwin]

  '@rolldown/binding-darwin-x64@1.0.0-rc.17':
    resolution: {integrity: sha512-SUSDOI6WwUVNcWxd02QEBjLdY1VPHvlEkw6T/8nYG322iYWCTxRb1vzk4E+mWWYehTp7ERibq54LSJGjmouOsw==}
    engines: {node: ^20.19.0 || >=22.12.0}
    cpu: [x64]
    os: [darwin]

  '@rolldown/binding-darwin-x64@1.1.3':
    resolution: {integrity: sha512-YtiBp4disu6V560loT6PjMdiRaWmVvDNrUunAalbiFx2ggeJwxdAsgZMcoGP17uyAsTwAj5V1niksxlHnVQ1Sw==}
    engines: {node: ^20.19.0 || >=22.12.0}
    cpu: [x64]
    os: [darwin]

  '@rolldown/binding-freebsd-x64@1.0.0-rc.17':
    resolution: {integrity: sha512-hwnz3nw9dbJ05EDO/PvcjaaewqqDy7Y1rn1UO81l8iIK1GjenME75dl16ajbvSSMfv66WXSRCYKIqfgq2KCfxw==}
    engines: {node: ^20.19.0 || >=22.12.0}
    cpu: [x64]
    os: [freebsd]

  '@rolldown/binding-freebsd-x64@1.1.3':
    resolution: {integrity: sha512-yD3EkEdXk2LypPxnf/kSZHirarsI8gcPzc62SukhR9VJTyvV+F9Q/GxWNuCojc7sXyuVC4DxRGhdDK4X8VSsbw==}
    engines: {node: ^20.19.0 || >=22.12.0}
    cpu: [x64]
    os: [freebsd]

  '@rolldown/binding-linux-arm-gnueabihf@1.0.0-rc.17':
    resolution: {integrity: sha512-IS+W7epTcwANmFSQFrS1SivEXHtl1JtuQA9wlxrZTcNi6mx+FDOYrakGevvvTwgj2JvWiK8B29/qD9BELZPyXQ==}
    engines: {node: ^20.19.0 || >=22.12.0}
    cpu: [arm]
    os: [linux]

  '@rolldown/binding-linux-arm-gnueabihf@1.1.3':
    resolution: {integrity: sha512-c+8vieQbsD7HNAHKIA34w0GJ9FedFFuJGD+7E6vz7Q3uqAIugL5p45fhlsj4UaAsHpcmlqugBWMhA0/j7o0sIg==}
    engines: {node: ^20.19.0 || >=22.12.0}
    cpu: [arm]
    os: [linux]

  '@rolldown/binding-linux-arm64-gnu@1.0.0-rc.17':
    resolution: {integrity: sha512-e6usGaHKW5BMNZOymS1UcEYGowQMWcgZ71Z17Sl/h2+ZziNJ1a9n3Zvcz6LdRyIW5572wBCTH/Z+bKuZouGk9Q==}
    engines: {node: ^20.19.0 || >=22.12.0}
    cpu: [arm64]
    os: [linux]
    libc: [glibc]

  '@rolldown/binding-linux-arm64-gnu@1.1.3':
    resolution: {integrity: sha512-50jD0uUwLvur7Zz9LHz17kaAdTPjn5wN93hEgjvmYFRZwiR7ZJYovTd5ipyWJDAnXKvZ+wgc+/Ika6dwSF5OcA==}
    engines: {node: ^20.19.0 || >=22.12.0}
    cpu: [arm64]
    os: [linux]
    libc: [glibc]

  '@rolldown/binding-linux-arm64-musl@1.0.0-rc.17':
    resolution: {integrity: sha512-b/CgbwAJpmrRLp02RPfhbudf5tZnN9nsPWK82znefso832etkem8H7FSZwxrOI9djcdTP7U6YfNhbRnh7djErg==}
    engines: {node: ^20.19.0 || >=22.12.0}
    cpu: [arm64]
    os: [linux]
    libc: [musl]

  '@rolldown/binding-linux-arm64-musl@1.1.3':
    resolution: {integrity: sha512-BO9+oPL8K9poZJBfYPsXNtYjPE5uM3qeehT3aFcW4LITOl+iSqhp0abzjR2nWBUNjIZeKXjAEWBZ64WjNoHd6w==}
    engines: {node: ^20.19.0 || >=22.12.0}
    cpu: [arm64]
    os: [linux]
    libc: [musl]

  '@rolldown/binding-linux-ppc64-gnu@1.0.0-rc.17':
    resolution: {integrity: sha512-4EII1iNGRUN5WwGbF/kOh/EIkoDN9HsupgLQoXfY+D1oyJm7/F4t5PYU5n8SWZgG0FEwakyM8pGgwcBYruGTlA==}
    engines: {node: ^20.19.0 || >=22.12.0}
    cpu: [ppc64]
    os: [linux]
    libc: [glibc]

  '@rolldown/binding-linux-ppc64-gnu@1.1.3':
    resolution: {integrity: sha512-f3VpLB1vQ0Eo6ecr/6cekLnvYMFF4YBFoVGkfkvPLq1bAkbAwHYQPZKoAmG6OJyTcxxoC+AvezGx/S1obNC0Mw==}
    engines: {node: ^20.19.0 || >=22.12.0}
    cpu: [ppc64]
    os: [linux]
    libc: [glibc]

  '@rolldown/binding-linux-s390x-gnu@1.0.0-rc.17':
    resolution: {integrity: sha512-AH8oq3XqQo4IibpVXvPeLDI5pzkpYn0WiZAfT05kFzoJ6tQNzwRdDYQ45M8I/gslbodRZwW8uxLhbSBbkv96rA==}
    engines: {node: ^20.19.0 || >=22.12.0}
    cpu: [s390x]
    os: [linux]
    libc: [glibc]

  '@rolldown/binding-linux-s390x-gnu@1.1.3':
    resolution: {integrity: sha512-AmurZ26Pqx/RI9N1gzEOCklkKXl927yjfXWUUS0O7Puh8ARM/Ob8qfrD3qnWksScdw6cSrW5PSHE9DyLu7+PtA==}
    engines: {node: ^20.19.0 || >=22.12.0}
    cpu: [s390x]
    os: [linux]
    libc: [glibc]

  '@rolldown/binding-linux-x64-gnu@1.0.0-rc.17':
    resolution: {integrity: sha512-cLnjV3xfo7KslbU41Z7z8BH/E1y5mzUYzAqih1d1MDaIGZRCMqTijqLv76/P7fyHuvUcfGsIpqCdddbxLLK9rA==}
    engines: {node: ^20.19.0 || >=22.12.0}
    cpu: [x64]
    os: [linux]
    libc: [glibc]

  '@rolldown/binding-linux-x64-gnu@1.1.3':
    resolution: {integrity: sha512-JJpqs8bRGITDOdbkNKnlojzBabbOHrqjSvDr0IVsZObE1lBcPjxItUEY9eWIDbxaJ3cGrXPWGfGkIxFijg/URg==}
    engines: {node: ^20.19.0 || >=22.12.0}
    cpu: [x64]
    os: [linux]
    libc: [glibc]

  '@rolldown/binding-linux-x64-musl@1.0.0-rc.17':
    resolution: {integrity: sha512-0phclDw1spsL7dUB37sIARuis2tAgomCJXAHZlpt8PXZ4Ba0dRP1e+66lsRqrfhISeN9bEGNjQs+T/Fbd7oYGw==}
    engines: {node: ^20.19.0 || >=22.12.0}
    cpu: [x64]
    os: [linux]
    libc: [musl]

  '@rolldown/binding-linux-x64-musl@1.1.3':
    resolution: {integrity: sha512-rSJcdjPxzA/by/6/rYs+v+bXU7UjvnbUWz8MJb6kh6+knqB1dCrtHg0uu7C/4haqJvqdkYHQ5IGn+tCH9GLW/g==}
    engines: {node: ^20.19.0 || >=22.12.0}
    cpu: [x64]
    os: [linux]
    libc: [musl]

  '@rolldown/binding-openharmony-arm64@1.0.0-rc.17':
    resolution: {integrity: sha512-0ag/hEgXOwgw4t8QyQvUCxvEg+V0KBcA6YuOx9g0r02MprutRF5dyljgm3EmR02O292UX7UeS6HzWHAl6KgyhA==}
    engines: {node: ^20.19.0 || >=22.12.0}
    cpu: [arm64]
    os: [openharmony]

  '@rolldown/binding-openharmony-arm64@1.1.3':
    resolution: {integrity: sha512-hQ3/PYkDJICgevvyNcVrihVeqq7k1Pp3VZ9lY+dauAYUJKO+auqApvANhvR1An9BhmqYKvW2Mu1F9u4DXSMLxQ==}
    engines: {node: ^20.19.0 || >=22.12.0}
    cpu: [arm64]
    os: [openharmony]

  '@rolldown/binding-wasm32-wasi@1.0.0-rc.17':
    resolution: {integrity: sha512-LEXei6vo0E5wTGwpkJ4KoT3OZJRnglwldt5ziLzOlc6qqb55z4tWNq2A+PFqCJuvWWdP53CVhG1Z9NtToDPJrA==}
    engines: {node: ^20.19.0 || >=22.12.0}
    cpu: [wasm32]

  '@rolldown/binding-wasm32-wasi@1.1.3':
    resolution: {integrity: sha512-Elcv/BtML9lXrV6JuKITc/grN2kYV9gjsQpW8Jfw4ioK0TOkjBjye0nnyqQNy9STNaI20lXNaQBRrD5gSgR0Yg==}
    engines: {node: ^20.19.0 || >=22.12.0}
    cpu: [wasm32]

  '@rolldown/binding-win32-arm64-msvc@1.0.0-rc.17':
    resolution: {integrity: sha512-gUmyzBl3SPMa6hrqFUth9sVfcLBlYsbMzBx5PlexMroZStgzGqlZ26pYG89rBb45Mnia+oil6YAIFeEWGWhoZA==}
    engines: {node: ^20.19.0 || >=22.12.0}
    cpu: [arm64]
    os: [win32]

  '@rolldown/binding-win32-arm64-msvc@1.1.3':
    resolution: {integrity: sha512-2DrEfhluH9yhiaFApmsjsjwrSYbNcY1oFTzYSP1a535jDbV98zCFanA/96TBUd0iDFcxGmw9QRExwGCXz3U+/g==}
    engines: {node: ^20.19.0 || >=22.12.0}
    cpu: [arm64]
    os: [win32]

  '@rolldown/binding-win32-x64-msvc@1.0.0-rc.17':
    resolution: {integrity: sha512-3hkiolcUAvPB9FLb3UZdfjVVNWherN1f/skkGWJP/fgSQhYUZpSIRr0/I8ZK9TkF3F7kxvJAk0+IcKvPHk9qQg==}
    engines: {node: ^20.19.0 || >=22.12.0}
    cpu: [x64]
    os: [win32]

  '@rolldown/binding-win32-x64-msvc@1.1.3':
    resolution: {integrity: sha512-OL4OMk7UPXOeVGGd3qo5zJyPIljf4AFgk5QAkPPS+OoLuOOozhuaQGC18MxVTnw/06q93gShAJzlwnSCY9YtqA==}
    engines: {node: ^20.19.0 || >=22.12.0}
    cpu: [x64]
    os: [win32]

  '@rolldown/pluginutils@1.0.0-rc.17':
    resolution: {integrity: sha512-n8iosDOt6Ig1UhJ2AYqoIhHWh/isz0xpicHTzpKBeotdVsTEcxsSA/i3EVM7gQAj0rU27OLAxCjzlj15IWY7bg==}

  '@rolldown/pluginutils@1.0.1':
    resolution: {integrity: sha512-2j9bGt5Jh8hj+vPtgzPtl72j0yRxHAyumoo6TNfAjsLB04UtpSvPbPcDcBMxz7n+9CYB0c1GxQFxYRg2jimqGw==}

  '@simple-git/args-pathspec@1.0.3':
    resolution: {integrity: sha512-ngJMaHlsWDTfjyq9F3VIQ8b7NXbBLq5j9i5bJ6XLYtD6qlDXT7fdKY2KscWWUF8t18xx052Y/PUO1K1TRc9yKA==}

  '@simple-git/argv-parser@1.1.1':
    resolution: {integrity: sha512-Q9lBcfQ+VQCpQqGJFHe5yooOS5hGdLFFbJ5R+R5aDsnkPCahtn1hSkMcORX65J2Z5lxSkD0lQorMsncuBQxYUw==}

  '@tybys/wasm-util@0.10.3':
    resolution: {integrity: sha512-F3fo1MYrRJYL3zER0OUOmkutjr1Vp23m7OsSgp7nq4SP6OqX6C/56XFIPAl5bt3zaBRjmW7SGz3u/6LwFpYcOg==}

  '@types/estree@1.0.9':
    resolution: {integrity: sha512-GhdPgy1el4/ImP05X05Uw4cw2/M93BCUmnEvWZNStlCzEKME4Fkk+YpoA5OiHNQmoS7Cafb8Xa3Pya8m1Qrzeg==}

  '@types/jsesc@2.5.1':
    resolution: {integrity: sha512-9VN+6yxLOPLOav+7PwjZbxiID2bVaeq0ED4qSQmdQTdjnXJSaCVKTR58t15oqH1H5t8Ng2ZX1SabJVoN9Q34bw==}

  '@types/node@24.13.2':
    resolution: {integrity: sha512-fRa09kZTgu8o71KFcDjUFuc7F+dEbZYZmkI0mg5YBTRs0yMKjYHsq/c0urDKeDb+D5qVgXOdFcuu+DZPKOITwA==}

  ansis@4.3.1:
    resolution: {integrity: sha512-BJ8/l4R5LRE7hW9WdSuGYrLSHi2ynxeFpDFbH0K/CgNeY/tyhk+vO6TYxXC5r5CpUhNVX310xzPsN/H9lCdfOA==}
    engines: {node: '>=14'}

  ast-kit@3.0.0:
    resolution: {integrity: sha512-8OG92q3R35qjC/4i6BLBMg8IB+fClWu/1PEwg2Z9Rn+BuNaiEgJzpzn+pxWOdHJWDCAwu2JP0wCDTozAM4QirQ==}
    engines: {node: ^22.18.0 || >=24.11.0}

  birpc@4.0.0:
    resolution: {integrity: sha512-LShSxJP0KTmd101b6DRyGBj57LZxSDYWKitQNW/mi8GRMvZb078Uf9+pveax1DrVL89vm7mWe+TovdI/UDOuPw==}

  cac@7.0.0:
    resolution: {integrity: sha512-tixWYgm5ZoOD+3g6UTea91eow5z6AAHaho3g0V9CNSNb45gM8SmflpAc+GRd1InC4AqN/07Unrgp56Y94N9hJQ==}
    engines: {node: '>=20.19.0'}

  cjs-module-lexer@1.4.3:
    resolution: {integrity: sha512-9z8TZaGM1pfswYeXrUpzPrkx8UnWYdhJclsiYMm6x/w5+nN+8Tf/LnAgfLGQCm59qAOxU8WwHEq2vNwF6i4j+Q==}

  debug@4.4.3:
    resolution: {integrity: sha512-RGwwWnwQvkVfavKVt22FGLw+xYSdzARwm0ru6DhTVA3umU5hZc28V3kO4stgYryrTlLpuvgI9GiijltAjNbcqA==}
    engines: {node: '>=6.0'}
    peerDependencies:
      supports-color: '*'
    peerDependenciesMeta:
      supports-color:
        optional: true

  defu@6.1.7:
    resolution: {integrity: sha512-7z22QmUWiQ/2d0KkdYmANbRUVABpZ9SNYyH5vx6PZ+nE5bcC0l7uFvEfHlyld/HcGBFTL536ClDt3DEcSlEJAQ==}

  dts-resolver@3.0.0:
    resolution: {integrity: sha512-1T1f+z+4tl9XD+m+0HBgWoL/nm0bOIffyWaUuUSBlFg/86IWvfx+wjNaO/ybU0AJzG9/Mi5hBUgGV6zCmWEN7Q==}
    engines: {node: ^22.18.0 || >=24.0.0}
    peerDependencies:
      oxc-resolver: '>=11.0.0'
    peerDependenciesMeta:
      oxc-resolver:
        optional: true

  empathic@2.0.1:
    resolution: {integrity: sha512-YGRs8knHhKHVShLkFET/rWAU8kmHbOV5LwN938RHI0pljAJ1Gf6SzXsSmRaEzcXTtOOmVqJ5+WtQPL5uigY50Q==}
    engines: {node: '>=14'}

  estree-walker@3.0.3:
    resolution: {integrity: sha512-7RUKfXgSMMkzt6ZuXmqapOurLGPPfgj6l9uRZ7lRGolvk0y2yocc35LdcxKC5PQZdn2DMqioAQ2NoWcrTKmm6g==}

  fdir@6.5.0:
    resolution: {integrity: sha512-tIbYtZbucOs0BRGqPJkshJUYdL+SDH7dVM8gjy+ERp3WAUjLEFJE+02kanyHtwjWOnwrKYBiwAmM0p4kLJAnXg==}
    engines: {node: '>=12.0.0'}
    peerDependencies:
      picomatch: ^3 || ^4
    peerDependenciesMeta:
      picomatch:
        optional: true

  fflate@0.8.3:
    resolution: {integrity: sha512-tbZNuJrLwGUp3zshBtdy4W+ORxZuIh8a5ilyIEQDC5rY1f3U20JMry0Ll3WBzU58EZKsEuJFXhb5gwv8CsPvgA==}

  get-tsconfig@5.0.0-beta.5:
    resolution: {integrity: sha512-/6gFNr0N04nob252sTQxyFLi3eKFRqIg1I87YcqAMT1i6SQrSF6KujUEQrtrjMV0H/eejTCltLdDSTEMzHbnsQ==}
    engines: {node: '>=20.20.0'}

  hookable@6.1.1:
    resolution: {integrity: sha512-U9LYDy1CwhMCnprUfeAZWZGByVbhd54hwepegYTK7Pi5NvqEj63ifz5z+xukznehT7i6NIZRu89Ay1AZmRsLEQ==}

  import-without-cache@0.4.0:
    resolution: {integrity: sha512-NkJQA7oZ4YHQhd2+H3BoRFKF3d/XNsiKpHZCQEMH9pDX27hQQLsTyOocyRgaIVtf8gHX3Nt3LPkR4e5EdtPAGQ==}
    engines: {node: ^22.18.0 || >=24.0.0}

  jsesc@3.1.0:
    resolution: {integrity: sha512-/sM3dO2FOzXjKQhJuo0Q173wf2KOo8t4I8vHy6lF9poUp7bKT0/NHE8fPX23PwfhnykfqnC2xRxOnVw5XuGIaA==}
    engines: {node: '>=6'}
    hasBin: true

  lru-cache@11.5.1:
    resolution: {integrity: sha512-RPimw/7aMdv2oqRrxKwvZXcPfwBrn/JZ2xYcY9Hus/6LaS3VOAKVWKWgNLCFSiOm1ESXinjsDlidVU7JlnCN2A==}
    engines: {node: 20 || >=22}

  mri@1.2.0:
    resolution: {integrity: sha512-tzzskb3bG8LvYGFF/mDTpq3jpI6Q9wc3LEmBaghu+DdCssd1FakN7Bc0hVNmEyGq1bq3RgfkCb3cmQLpNPOroA==}
    engines: {node: '>=4'}

  ms@2.1.3:
    resolution: {integrity: sha512-6FlzubTLZG3J2a/NVCAleEhjzq5oxgHyaCU9yYXvcLsvoVaHJq/s5xXI6/XXP6tz7R9xAOtHnSO/tXtF3WRTlA==}

  obug@2.1.3:
    resolution: {integrity: sha512-9miFgM2OFba7hB+pRgvtV84pYTBaoTHohvmIgiRt6dRIzbwEOIaNaP+dIlGs2fNFoB0SeISs0Jz5WFVRid6Xyg==}
    engines: {node: '>=12.20.0'}

  package-manager-detector@1.6.0:
    resolution: {integrity: sha512-61A5ThoTiDG/C8s8UMZwSorAGwMJ0ERVGj2OjoW5pAalsNOg15+iQiPzrLJ4jhZ1HJzmC2PIHT2oEiH3R5fzNA==}

  pathe@2.0.3:
    resolution: {integrity: sha512-WUjGcAqP1gQacoQe+OBJsFA7Ld4DyXuUIjZ5cc75cLHvJ7dtNsTugphxIADwspS+AraAUePCKrSVtPLFj/F88w==}

  picocolors@1.1.1:
    resolution: {integrity: sha512-xceH2snhtb5M9liqDsmEw56le376mTZkEX/jEb/RxNFyegNul7eNslCXP9FDj/Lcu0X8KEyMceP2ntpaHrDEVA==}

  picomatch@4.0.4:
    resolution: {integrity: sha512-QP88BAKvMam/3NxH6vj2o21R6MjxZUAd6nlwAS/pnGvN9IVLocLHxGYIzFhg6fUQ+5th6P4dv4eW9jX3DSIj7A==}
    engines: {node: '>=12'}

  prettier@3.9.1:
    resolution: {integrity: sha512-ppiDo2CSwexck1eyZUwJHg/N3nf1+6IRCv7W/VJ5vaLnVCmB7+3CdRfMwoCHBBX6xTrREDTksZ4OZl5SSf4zXA==}
    engines: {node: '>=14'}
    hasBin: true

  publint@0.3.21:
    resolution: {integrity: sha512-OqejcnMV6E9zel2oCrUOJEiiFkGiAAni0A6ibfQNh1k9Gu5z4F+Yso8lllam7AzmV6Do0vp7u3UpZNRBwuXaHQ==}
    engines: {node: '>=18'}
    hasBin: true

  quansync@1.0.0:
    resolution: {integrity: sha512-5xZacEEufv3HSTPQuchrvV6soaiACMFnq1H8wkVioctoH3TRha9Sz66lOxRwPK/qZj7HPiSveih9yAyh98gvqA==}

  resolve-pkg-maps@1.0.0:
    resolution: {integrity: sha512-seS2Tj26TBVOC2NIc2rOe2y2ZO7efxITtLZcGSOnHHNOQ7CkiUBfw0Iw2ck6xkIhPwLhKNLS8BO+hEpngQlqzw==}

  rolldown-plugin-dts@0.26.0:
    resolution: {integrity: sha512-e+kEPtUiDES0htk5iqkSeF4EzAV7R+vugGB44iPDuw1Kw9E+WyL1VG7PaV0IIjGHLiacztMBcMTyrr8ON9CT1Q==}
    engines: {node: ^22.18.0 || >=24.11.0}
    peerDependencies:
      '@ts-macro/tsc': ^0.3.6
      '@typescript/native-preview': '>=7.0.0-dev.20260325.1'
      rolldown: ^1.0.0
      typescript: ^5.0.0 || ^6.0.0
      vue-tsc: ~3.2.0 || ~3.3.0
    peerDependenciesMeta:
      '@ts-macro/tsc':
        optional: true
      '@typescript/native-preview':
        optional: true
      typescript:
        optional: true
      vue-tsc:
        optional: true

  rolldown@1.0.0-rc.17:
    resolution: {integrity: sha512-ZrT53oAKrtA4+YtBWPQbtPOxIbVDbxT0orcYERKd63VJTF13zPcgXTvD4843L8pcsI7M6MErt8QtON6lrB9tyA==}
    engines: {node: ^20.19.0 || >=22.12.0}
    hasBin: true

  rolldown@1.1.3:
    resolution: {integrity: sha512-1F1eEtUBtFvcGm1HQ9TiUIUHPQG7mSAODrhIzjxoUEFuo8OcbrGLiVLkevNgj84TE4lnHvnumwFjhJO5Eu135g==}
    engines: {node: ^20.19.0 || >=22.12.0}
    hasBin: true

  sade@1.8.1:
    resolution: {integrity: sha512-xal3CZX1Xlo/k4ApwCFrHVACi9fBqJ7V+mwhBsuf/1IOKbBy098Fex+Wa/5QMubw09pSZ/u8EY8PWgevJsXp1A==}
    engines: {node: '>=6'}

  semver@7.8.5:
    resolution: {integrity: sha512-Y7/KDsb8LjooZpwaqGyulO6DQlksgCncchHGk+sZIY4SBvUocMBEFH5Ur1fI4dV+Jvl0w6cjvucaIi40puRioA==}
    engines: {node: '>=10'}
    hasBin: true

  simple-git@3.36.0:
    resolution: {integrity: sha512-cGQjLjK8bxJw4QuYT7gxHw3/IouVESbhahSsHrX97MzCL1gu2u7oy38W6L2ZIGECEfIBG4BabsWDPjBxJENv9Q==}

  tinyexec@1.2.4:
    resolution: {integrity: sha512-SHf/r48b7vOrjve9PxJo3MN5v5yuyjHvdUcrQffT3WXMUfnGmHDVbC4k3sHJaJTgZCwpUplIaAo5ANtMyp3YHg==}
    engines: {node: '>=18'}

  tinyglobby@0.2.17:
    resolution: {integrity: sha512-wXR/dYpcqKmfWpEdZjiKJOwCNFndD0DMnrW/cYjVGttEkBfVgcLFHoNrlj47mjOVic9yyNu65alsgF4NQyTa2g==}
    engines: {node: '>=12.0.0'}

  tree-kill@1.2.2:
    resolution: {integrity: sha512-L0Orpi8qGpRG//Nd+H90vFB+3iHnue1zSSGmNOOCh1GLJ7rUKVwV2HvijphGQS2UmhUZewS9VgvxYIdgr+fG1A==}
    hasBin: true

  tsdown@0.22.3:
    resolution: {integrity: sha512-louqbfA8Qf//B9jTTL0FPtXTNpjCWv1VPkbcmQMph2pTpzs+LnB1tbe4tDDRVpo2BjF5SgUXaTZe45SxB8pWHg==}
    engines: {node: ^22.18.0 || >=24.11.0}
    hasBin: true
    peerDependencies:
      '@arethetypeswrong/core': ^0.18.1
      '@tsdown/css': 0.22.3
      '@tsdown/exe': 0.22.3
      '@vitejs/devtools': '*'
      publint: ^0.3.8
      tsx: '*'
      typescript: ^5.0.0 || ^6.0.0
      unplugin-unused: ^0.5.0
      unrun: '*'
    peerDependenciesMeta:
      '@arethetypeswrong/core':
        optional: true
      '@tsdown/css':
        optional: true
      '@tsdown/exe':
        optional: true
      '@vitejs/devtools':
        optional: true
      publint:
        optional: true
      tsx:
        optional: true
      typescript:
        optional: true
      unplugin-unused:
        optional: true
      unrun:
        optional: true

  tslib@2.8.1:
    resolution: {integrity: sha512-oJFu94HQb+KVduSUQL7wnpmqnfmLsOA/nAh6b6EH0wCEoK0/mPeXU6c3wKDV83MkOuHPRHtSXKKU99IBazS/2w==}

  typescript@5.6.1-rc:
    resolution: {integrity: sha512-E3b2+1zEFu84jB0YQi9BORDjz9+jGbwwy1Zi3G0LUNw7a7cePUrHMRNy8aPh53nXpkFGVHSxIZo5vKTfYaFiBQ==}
    engines: {node: '>=14.17'}
    hasBin: true

  typescript@6.0.3:
    resolution: {integrity: sha512-y2TvuxSZPDyQakkFRPZHKFm+KKVqIisdg9/CZwm9ftvKXLP8NRWj38/ODjNbr43SsoXqNuAisEf1GdCxqWcdBw==}
    engines: {node: '>=14.17'}
    hasBin: true

  unconfig-core@7.5.0:
    resolution: {integrity: sha512-Su3FauozOGP44ZmKdHy2oE6LPjk51M/TRRjHv2HNCWiDvfvCoxC2lno6jevMA91MYAdCdwP05QnWdWpSbncX/w==}

  undici-types@7.18.2:
    resolution: {integrity: sha512-AsuCzffGHJybSaRrmr5eHr81mwJU3kjw6M+uprWvCXiNeN9SOGwQ3Jn8jb8m3Z6izVgknn1R0FTCEAP2QrLY/w==}

  unrun@0.2.39:
    resolution: {integrity: sha512-h9FxYVpztY/wwq+bauLOh6Y3CWu2IVeRLq5lxzneBiIU9Tn86OGp9xiQrGhnYspAmg5dzdY0Cc8+Y70kuTARCg==}
    engines: {node: '>=20.19.0'}
    hasBin: true
    peerDependencies:
      synckit: ^0.11.11
    peerDependenciesMeta:
      synckit:
        optional: true

  valibot@1.4.1:
    resolution: {integrity: sha512-klCmFTz2jeDluy9RwX+F884TCiogtdBJ/YaxSx1EOBYXa3NXNWj8kR1jjN8rzluwojJVWWaHJ4r1U5LfICnM3g==}
    peerDependencies:
      typescript: '>=5'
    peerDependenciesMeta:
      typescript:
        optional: true

  validate-npm-package-name@5.0.1:
    resolution: {integrity: sha512-OljLrQ9SQdOUqTaQxqL5dEfZWrXExyyWsozYlAWFawPVNuD83igl7uJD2RTkNMbniIYgt8l81eCJGIdQF7avLQ==}
    engines: {node: ^14.17.0 || ^16.13.0 || >=18.0.0}

snapshots:

  '@andrewbranch/untar.js@1.0.3': {}

  '@arethetypeswrong/core@0.18.4':
    dependencies:
      '@andrewbranch/untar.js': 1.0.3
      '@loaderkit/resolve': 1.0.6
      cjs-module-lexer: 1.4.3
      fflate: 0.8.3
      lru-cache: 11.5.1
      semver: 7.8.5
      typescript: 5.6.1-rc
      validate-npm-package-name: 5.0.1

  '@babel/generator@8.0.0':
    dependencies:
      '@babel/parser': 8.0.0
      '@babel/types': 8.0.0
      '@jridgewell/gen-mapping': 0.3.13
      '@jridgewell/trace-mapping': 0.3.31
      '@types/jsesc': 2.5.1
      jsesc: 3.1.0

  '@babel/helper-string-parser@8.0.0': {}

  '@babel/helper-validator-identifier@8.0.2': {}

  '@babel/parser@8.0.0':
    dependencies:
      '@babel/types': 8.0.0

  '@babel/types@8.0.0':
    dependencies:
      '@babel/helper-string-parser': 8.0.0
      '@babel/helper-validator-identifier': 8.0.2

  '@braidai/lang@1.1.2': {}

  '@emnapi/core@1.10.0':
    dependencies:
      '@emnapi/wasi-threads': 1.2.1
      tslib: 2.8.1
    optional: true

  '@emnapi/core@1.11.1':
    dependencies:
      '@emnapi/wasi-threads': 1.2.2
      tslib: 2.8.1
    optional: true

  '@emnapi/runtime@1.10.0':
    dependencies:
      tslib: 2.8.1
    optional: true

  '@emnapi/runtime@1.11.1':
    dependencies:
      tslib: 2.8.1
    optional: true

  '@emnapi/wasi-threads@1.2.1':
    dependencies:
      tslib: 2.8.1
    optional: true

  '@emnapi/wasi-threads@1.2.2':
    dependencies:
      tslib: 2.8.1
    optional: true

  '@jridgewell/gen-mapping@0.3.13':
    dependencies:
      '@jridgewell/sourcemap-codec': 1.5.5
      '@jridgewell/trace-mapping': 0.3.31

  '@jridgewell/resolve-uri@3.1.2': {}

  '@jridgewell/sourcemap-codec@1.5.5': {}

  '@jridgewell/trace-mapping@0.3.31':
    dependencies:
      '@jridgewell/resolve-uri': 3.1.2
      '@jridgewell/sourcemap-codec': 1.5.5

  '@kwsites/file-exists@1.1.1':
    dependencies:
      debug: 4.4.3
    transitivePeerDependencies:
      - supports-color

  '@kwsites/promise-deferred@1.1.1': {}

  '@loaderkit/resolve@1.0.6':
    dependencies:
      '@braidai/lang': 1.1.2

  '@napi-rs/wasm-runtime@1.1.6(@emnapi/core@1.10.0)(@emnapi/runtime@1.10.0)':
    dependencies:
      '@emnapi/core': 1.10.0
      '@emnapi/runtime': 1.10.0
      '@tybys/wasm-util': 0.10.3
    optional: true

  '@napi-rs/wasm-runtime@1.1.6(@emnapi/core@1.11.1)(@emnapi/runtime@1.11.1)':
    dependencies:
      '@emnapi/core': 1.11.1
      '@emnapi/runtime': 1.11.1
      '@tybys/wasm-util': 0.10.3
    optional: true

  '@oxc-project/types@0.127.0':
    optional: true

  '@oxc-project/types@0.137.0': {}

  '@publint/pack@0.1.5':
    dependencies:
      tinyexec: 1.2.4

  '@quansync/fs@1.0.0':
    dependencies:
      quansync: 1.0.0

  '@rolldown/binding-android-arm64@1.0.0-rc.17':
    optional: true

  '@rolldown/binding-android-arm64@1.1.3':
    optional: true

  '@rolldown/binding-darwin-arm64@1.0.0-rc.17':
    optional: true

  '@rolldown/binding-darwin-arm64@1.1.3':
    optional: true

  '@rolldown/binding-darwin-x64@1.0.0-rc.17':
    optional: true

  '@rolldown/binding-darwin-x64@1.1.3':
    optional: true

  '@rolldown/binding-freebsd-x64@1.0.0-rc.17':
    optional: true

  '@rolldown/binding-freebsd-x64@1.1.3':
    optional: true

  '@rolldown/binding-linux-arm-gnueabihf@1.0.0-rc.17':
    optional: true

  '@rolldown/binding-linux-arm-gnueabihf@1.1.3':
    optional: true

  '@rolldown/binding-linux-arm64-gnu@1.0.0-rc.17':
    optional: true

  '@rolldown/binding-linux-arm64-gnu@1.1.3':
    optional: true

  '@rolldown/binding-linux-arm64-musl@1.0.0-rc.17':
    optional: true

  '@rolldown/binding-linux-arm64-musl@1.1.3':
    optional: true

  '@rolldown/binding-linux-ppc64-gnu@1.0.0-rc.17':
    optional: true

  '@rolldown/binding-linux-ppc64-gnu@1.1.3':
    optional: true

  '@rolldown/binding-linux-s390x-gnu@1.0.0-rc.17':
    optional: true

  '@rolldown/binding-linux-s390x-gnu@1.1.3':
    optional: true

  '@rolldown/binding-linux-x64-gnu@1.0.0-rc.17':
    optional: true

  '@rolldown/binding-linux-x64-gnu@1.1.3':
    optional: true

  '@rolldown/binding-linux-x64-musl@1.0.0-rc.17':
    optional: true

  '@rolldown/binding-linux-x64-musl@1.1.3':
    optional: true

  '@rolldown/binding-openharmony-arm64@1.0.0-rc.17':
    optional: true

  '@rolldown/binding-openharmony-arm64@1.1.3':
    optional: true

  '@rolldown/binding-wasm32-wasi@1.0.0-rc.17':
    dependencies:
      '@emnapi/core': 1.10.0
      '@emnapi/runtime': 1.10.0
      '@napi-rs/wasm-runtime': 1.1.6(@emnapi/core@1.10.0)(@emnapi/runtime@1.10.0)
    optional: true

  '@rolldown/binding-wasm32-wasi@1.1.3':
    dependencies:
      '@emnapi/core': 1.11.1
      '@emnapi/runtime': 1.11.1
      '@napi-rs/wasm-runtime': 1.1.6(@emnapi/core@1.11.1)(@emnapi/runtime@1.11.1)
    optional: true

  '@rolldown/binding-win32-arm64-msvc@1.0.0-rc.17':
    optional: true

  '@rolldown/binding-win32-arm64-msvc@1.1.3':
    optional: true

  '@rolldown/binding-win32-x64-msvc@1.0.0-rc.17':
    optional: true

  '@rolldown/binding-win32-x64-msvc@1.1.3':
    optional: true

  '@rolldown/pluginutils@1.0.0-rc.17':
    optional: true

  '@rolldown/pluginutils@1.0.1': {}

  '@simple-git/args-pathspec@1.0.3': {}

  '@simple-git/argv-parser@1.1.1':
    dependencies:
      '@simple-git/args-pathspec': 1.0.3

  '@tybys/wasm-util@0.10.3':
    dependencies:
      tslib: 2.8.1
    optional: true

  '@types/estree@1.0.9': {}

  '@types/jsesc@2.5.1': {}

  '@types/node@24.13.2':
    dependencies:
      undici-types: 7.18.2

  ansis@4.3.1: {}

  ast-kit@3.0.0:
    dependencies:
      '@babel/parser': 8.0.0
      estree-walker: 3.0.3
      pathe: 2.0.3

  birpc@4.0.0: {}

  cac@7.0.0: {}

  cjs-module-lexer@1.4.3: {}

  debug@4.4.3:
    dependencies:
      ms: 2.1.3

  defu@6.1.7: {}

  dts-resolver@3.0.0: {}

  empathic@2.0.1: {}

  estree-walker@3.0.3:
    dependencies:
      '@types/estree': 1.0.9

  fdir@6.5.0(picomatch@4.0.4):
    optionalDependencies:
      picomatch: 4.0.4

  fflate@0.8.3: {}

  get-tsconfig@5.0.0-beta.5:
    dependencies:
      resolve-pkg-maps: 1.0.0

  hookable@6.1.1: {}

  import-without-cache@0.4.0: {}

  jsesc@3.1.0: {}

  lru-cache@11.5.1: {}

  mri@1.2.0: {}

  ms@2.1.3: {}

  obug@2.1.3: {}

  package-manager-detector@1.6.0: {}

  pathe@2.0.3: {}

  picocolors@1.1.1: {}

  picomatch@4.0.4: {}

  prettier@3.9.1: {}

  publint@0.3.21:
    dependencies:
      '@publint/pack': 0.1.5
      package-manager-detector: 1.6.0
      picocolors: 1.1.1
      sade: 1.8.1

  quansync@1.0.0: {}

  resolve-pkg-maps@1.0.0: {}

  rolldown-plugin-dts@0.26.0(rolldown@1.1.3)(typescript@6.0.3):
    dependencies:
      '@babel/generator': 8.0.0
      '@babel/helper-validator-identifier': 8.0.2
      '@babel/parser': 8.0.0
      ast-kit: 3.0.0
      birpc: 4.0.0
      dts-resolver: 3.0.0
      get-tsconfig: 5.0.0-beta.5
      obug: 2.1.3
      rolldown: 1.1.3
    optionalDependencies:
      typescript: 6.0.3
    transitivePeerDependencies:
      - oxc-resolver

  rolldown@1.0.0-rc.17:
    dependencies:
      '@oxc-project/types': 0.127.0
      '@rolldown/pluginutils': 1.0.0-rc.17
    optionalDependencies:
      '@rolldown/binding-android-arm64': 1.0.0-rc.17
      '@rolldown/binding-darwin-arm64': 1.0.0-rc.17
      '@rolldown/binding-darwin-x64': 1.0.0-rc.17
      '@rolldown/binding-freebsd-x64': 1.0.0-rc.17
      '@rolldown/binding-linux-arm-gnueabihf': 1.0.0-rc.17
      '@rolldown/binding-linux-arm64-gnu': 1.0.0-rc.17
      '@rolldown/binding-linux-arm64-musl': 1.0.0-rc.17
      '@rolldown/binding-linux-ppc64-gnu': 1.0.0-rc.17
      '@rolldown/binding-linux-s390x-gnu': 1.0.0-rc.17
      '@rolldown/binding-linux-x64-gnu': 1.0.0-rc.17
      '@rolldown/binding-linux-x64-musl': 1.0.0-rc.17
      '@rolldown/binding-openharmony-arm64': 1.0.0-rc.17
      '@rolldown/binding-wasm32-wasi': 1.0.0-rc.17
      '@rolldown/binding-win32-arm64-msvc': 1.0.0-rc.17
      '@rolldown/binding-win32-x64-msvc': 1.0.0-rc.17
    optional: true

  rolldown@1.1.3:
    dependencies:
      '@oxc-project/types': 0.137.0
      '@rolldown/pluginutils': 1.0.1
    optionalDependencies:
      '@rolldown/binding-android-arm64': 1.1.3
      '@rolldown/binding-darwin-arm64': 1.1.3
      '@rolldown/binding-darwin-x64': 1.1.3
      '@rolldown/binding-freebsd-x64': 1.1.3
      '@rolldown/binding-linux-arm-gnueabihf': 1.1.3
      '@rolldown/binding-linux-arm64-gnu': 1.1.3
      '@rolldown/binding-linux-arm64-musl': 1.1.3
      '@rolldown/binding-linux-ppc64-gnu': 1.1.3
      '@rolldown/binding-linux-s390x-gnu': 1.1.3
      '@rolldown/binding-linux-x64-gnu': 1.1.3
      '@rolldown/binding-linux-x64-musl': 1.1.3
      '@rolldown/binding-openharmony-arm64': 1.1.3
      '@rolldown/binding-wasm32-wasi': 1.1.3
      '@rolldown/binding-win32-arm64-msvc': 1.1.3
      '@rolldown/binding-win32-x64-msvc': 1.1.3

  sade@1.8.1:
    dependencies:
      mri: 1.2.0

  semver@7.8.5: {}

  simple-git@3.36.0:
    dependencies:
      '@kwsites/file-exists': 1.1.1
      '@kwsites/promise-deferred': 1.1.1
      '@simple-git/args-pathspec': 1.0.3
      '@simple-git/argv-parser': 1.1.1
      debug: 4.4.3
    transitivePeerDependencies:
      - supports-color

  tinyexec@1.2.4: {}

  tinyglobby@0.2.17:
    dependencies:
      fdir: 6.5.0(picomatch@4.0.4)
      picomatch: 4.0.4

  tree-kill@1.2.2: {}

  tsdown@0.22.3(@arethetypeswrong/core@0.18.4)(publint@0.3.21)(typescript@6.0.3)(unrun@0.2.39):
    dependencies:
      ansis: 4.3.1
      cac: 7.0.0
      defu: 6.1.7
      empathic: 2.0.1
      hookable: 6.1.1
      import-without-cache: 0.4.0
      obug: 2.1.3
      picomatch: 4.0.4
      rolldown: 1.1.3
      rolldown-plugin-dts: 0.26.0(rolldown@1.1.3)(typescript@6.0.3)
      semver: 7.8.5
      tinyexec: 1.2.4
      tinyglobby: 0.2.17
      tree-kill: 1.2.2
      unconfig-core: 7.5.0
    optionalDependencies:
      '@arethetypeswrong/core': 0.18.4
      publint: 0.3.21
      typescript: 6.0.3
      unrun: 0.2.39
    transitivePeerDependencies:
      - '@ts-macro/tsc'
      - '@typescript/native-preview'
      - oxc-resolver
      - vue-tsc

  tslib@2.8.1:
    optional: true

  typescript@5.6.1-rc: {}

  typescript@6.0.3: {}

  unconfig-core@7.5.0:
    dependencies:
      '@quansync/fs': 1.0.0
      quansync: 1.0.0

  undici-types@7.18.2: {}

  unrun@0.2.39:
    dependencies:
      rolldown: 1.0.0-rc.17
    optional: true

  valibot@1.4.1(typescript@6.0.3):
    optionalDependencies:
      typescript: 6.0.3

  validate-npm-package-name@5.0.1: {}
